{
  "name": "angles",
  "version": "1.0.0",
  "lockfileVersion": 1,
  "requires": true,
  "dependencies": {
    "jquery": {
      "version": "3.5.1",
      "resolved": "https://registry.npmjs.org/jquery/-/jquery-3.5.1.tgz",
      "integrity": "sha512-XwIBPqcMn57FxfT+Go5pzySnm4KWkT1Tv7gjrpT1srtf8Weynl6R273VJ5GjkRb51IzMp5nbaPjJXMWeju2MKg=="
    },
    "jquery-csv": {
      "version": "1.0.11",
      "resolved": "https://registry.npmjs.org/jquery-csv/-/jquery-csv-1.0.11.tgz",
      "integrity": "sha512-KDPc3wFLTFO68p/4IqsODZCjBp+y9axDa/pr36pDKrWk6yyHf8Nk1FqAGXvaUb6H7J1zJSYszABIFj0a40QXRA=="
    }
  }
}
